// !$*UTF8*$!
{
	archiveVersion = 1;
	classes = {
	};
	objectVersion = 50;
	objects = {

/* Begin PBXBuildFile section */
		B4DCC288245B665B006A87BF /* AppDelegate.swift in Sources */ = {isa = PBXBuildFile; fileRef = B4DCC287245B665B006A87BF /* AppDelegate.swift */; };
		B4DCC28A245B665B006A87BF /* SceneDelegate.swift in Sources */ = {isa = PBXBuildFile; fileRef = B4DCC289245B665B006A87BF /* SceneDelegate.swift */; };
		B4DCC28D245B665B006A87BF /* Update_Homework_Organizer.xcdatamodeld in Sources */ = {isa = PBXBuildFile; fileRef = B4DCC28B245B665B006A87BF /* Update_Homework_Organizer.xcdatamodeld */; };
		B4DCC28F245B665B006A87BF /* ContentView.swift in Sources */ = {isa = PBXBuildFile; fileRef = B4DCC28E245B665B006A87BF /* ContentView.swift */; };
		B4DCC291245B665D006A87BF /* Assets.xcassets in Resources */ = {isa = PBXBuildFile; fileRef = B4DCC290245B665D006A87BF /* Assets.xcassets */; };
		B4DCC294245B665D006A87BF /* Preview Assets.xcassets in Resources */ = {isa = PBXBuildFile; fileRef = B4DCC293245B665D006A87BF /* Preview Assets.xcassets */; };
		B4DCC297245B665D006A87BF /* LaunchScreen.storyboard in Resources */ = {isa = PBXBuildFile; fileRef = B4DCC295245B665D006A87BF /* LaunchScreen.storyboard */; };
/* End PBXBuildFile section */

/* Begin PBXFileReference section */
		B4DCC284245B665B006A87BF /* Update Homework Organizer.app */ = {isa = PBXFileReference; explicitFileType = wrapper.application; includeInIndex = 0; path = "Update Homework Organizer.app"; sourceTree = BUILT_PRODUCTS_DIR; };
		B4DCC287245B665B006A87BF /* AppDelegate.swift */ = {isa = PBXFileReference; lastKnownFileType = sourcecode.swift; path = AppDelegate.swift; sourceTree = "<group>"; };
		B4DCC289245B665B006A87BF /* SceneDelegate.swift */ = {isa = PBXFileReference; lastKnownFileType = sourcecode.swift; path = SceneDelegate.swift; sourceTree = "<group>"; };
		B4DCC28C245B665B006A87BF /* Update_Homework_Organizer.xcdatamodel */ = {isa = PBXFileReference; lastKnownFileType = wrapper.xcdatamodel; path = Update_Homework_Organizer.xcdatamodel; sourceTree = "<group>"; };
		B4DCC28E245B665B006A87BF /* ContentView.swift */ = {isa = PBXFileReference; lastKnownFileType = sourcecode.swift; path = ContentView.swift; sourceTree = "<group>"; };
		B4DCC290245B665D006A87BF /* Assets.xcassets */ = {isa = PBXFileReference; lastKnownFileType = folder.assetcatalog; path = Assets.xcassets; sourceTree = "<group>"; };
		B4DCC293245B665D006A87BF /* Preview Assets.xcassets */ = {isa = PBXFileReference; lastKnownFileType = folder.assetcatalog; path = "Preview Assets.xcassets"; sourceTree = "<group>"; };
		B4DCC296245B665D006A87BF /* Base */ = {isa = PBXFileReference; lastKnownFileType = file.storyboard; name = Base; path = Base.lproj/LaunchScreen.storyboard; sourceTree = "<group>"; };
		B4DCC298245B665D006A87BF /* Info.plist */ = {isa = PBXFileReference; lastKnownFileType = text.plist.xml; path = Info.plist; sourceTree = "<group>"; };
/* End PBXFileReference section */

/* Begin PBXFrameworksBuildPhase section */
		B4DCC281245B665B006A87BF /* Frameworks */ = {
			isa = PBXFrameworksBuildPhase;
			buildActionMask = 2147483647;
			files = (
			);
			runOnlyForDeploymentPostprocessing = 0;
		};
/* End PBXFrameworksBuildPhase section */

/* Begin PBXGroup section */
		B4DCC27B245B665B006A87BF = {
			isa = PBXGroup;
			children = (
				B4DCC286245B665B006A87BF /* Update Homework Organizer */,
				B4DCC285245B665B006A87BF /* Products */,
			);
			sourceTree = "<group>";
		};
		B4DCC285245B665B006A87BF /* Products */ = {
			isa = PBXGroup;
			children = (
				B4DCC284245B665B006A87BF /* Update Homework Organizer.app */,
			);
			name = Products;
			sourceTree = "<group>";
		};
		B4DCC286245B665B006A87BF /* Update Homework Organizer */ = {
			isa = PBXGroup;
			children = (
				B4DCC287245B665B006A87BF /* AppDelegate.swift */,
				B4DCC289245B665B006A87BF /* SceneDelegate.swift */,
				B4DCC28E245B665B006A87BF /* ContentView.swift */,
				B4DCC290245B665D006A87BF /* Assets.xcassets */,
				B4DCC295245B665D006A87BF /* LaunchScreen.storyboard */,
				B4DCC298245B665D006A87BF /* Info.plist */,
				B4DCC28B245B665B006A87BF /* Update_Homework_Organizer.xcdatamodeld */,
				B4DCC292245B665D006A87BF /* Preview Content */,
			);
			path = "Update Homework Organizer";
			sourceTree = "<group>";
		};
		B4DCC292245B665D006A87BF /* Preview Content */ = {
			isa = PBXGroup;
			children = (
				B4DCC293245B665D006A87BF /* Preview Assets.xcassets */,
			);
			path = "Preview Content";
			sourceTree = "<group>";
		};
/* End PBXGroup section */

/* Begin PBXNativeTarget section */
		B4DCC283245B665B006A87BF /* Update Homework Organizer */ = {
			isa = PBXNativeTarget;
			buildConfigurationList = B4DCC29B245B665D006A87BF /* Build configuration list for PBXNativeTarget "Update Homework Organizer" */;
			buildPhases = (
				B4DCC280245B665B006A87BF /* Sources */,
				B4DCC281245B665B006A87BF /* Frameworks */,
				B4DCC282245B665B006A87BF /* Resources */,
			);
			buildRules = (
			);
			dependencies = (
			);
			name = "Update Homework Organizer";
			productName = "Update Homework Organizer";
			productReference = B4DCC284245B665B006A87BF /* Update Homework Organizer.app */;
			productType = "com.apple.product-type.application";
		};
/* End PBXNativeTarget section */

/* Begin PBXProject section */
		B4DCC27C245B665B006A87BF /* Project object */ = {
			isa = PBXProject;
			attributes = {
				LastSwiftUpdateCheck = 1140;
				LastUpgradeCheck = 1140;
				ORGANIZATIONNAME = "Owen Jones";
				TargetAttributes = {
					B4DCC283245B665B006A87BF = {
						CreatedOnToolsVersion = 11.4.1;
					};
				};
			};
			buildConfigurationList = B4DCC27F245B665B006A87BF /* Build configuration list for PBXProject "Update Homework Organizer" */;
			compatibilityVersion = "Xcode 9.3";
			developmentRegion = en;
			hasScannedForEncodings = 0;
			knownRegions = (
				en,
				Base,
			);
			mainGroup = B4DCC27B245B665B006A87BF;
			productRefGroup = B4DCC285245B665B006A87BF /* Products */;
			projectDirPath = "";
			projectRoot = "";
			targets = (
				B4DCC283245B665B006A87BF /* Update Homework Organizer */,
			);
		};
/* End PBXProject section */

/* Begin PBXResourcesBuildPhase section */
		B4DCC282245B665B006A87BF /* Resources */ = {
			isa = PBXResourcesBuildPhase;
			buildActionMask = 2147483647;
			files = (
				B4DCC297245B665D006A87BF /* LaunchScreen.storyboard in Resources */,
				B4DCC294245B665D006A87BF /* Preview Assets.xcassets in Resources */,
				B4DCC291245B665D006A87BF /* Assets.xcassets in Resources */,
			);
			runOnlyForDeploymentPostprocessing = 0;
		};
/* End PBXResourcesBuildPhase section */

/* Begin PBXSourcesBuildPhase section */
		B4DCC280245B665B006A87BF /* Sources */ = {
			isa = PBXSourcesBuildPhase;
			buildActionMask = 2147483647;
			files = (
				B4DCC28D245B665B006A87BF /* Update_Homework_Organizer.xcdatamodeld in Sources */,
				B4DCC288245B665B006A87BF /* AppDelegate.swift in Sources */,
				B4DCC28F245B665B006A87BF /* ContentView.swift in Sources */,
				B4DCC28A245B665B006A87BF /* SceneDelegate.swift in Sources */,
			);
			runOnlyForDeploymentPostprocessing = 0;
		};
/* End PBXSourcesBuildPhase section */

/* Begin PBXVariantGroup section */
		B4DCC295245B665D006A87BF /* LaunchScreen.storyboard */ = {
			isa = PBXVariantGroup;
			children = (
				B4DCC296245B665D006A87BF /* Base */,
			);
			name = LaunchScreen.storyboard;
			sourceTree = "<group>";
		};
/* End PBXVariantGroup section */

/* Begin XCBuildConfiguration section */
		B4DCC299245B665D006A87BF /* Debug */ = {
			isa = XCBuildConfiguration;
			buildSettings = {
				ALWAYS_SEARCH_USER_PATHS = NO;
				CLANG_ANALYZER_NONNULL = YES;
				CLANG_ANALYZER_NUMBER_OBJECT_CONVERSION = YES_AGGRESSIVE;
				CLANG_CXX_LANGUAGE_STANDARD = "gnu++14";
				CLANG_CXX_LIBRARY = "libc++";
				CLANG_ENABLE_MODULES = YES;
				CLANG_ENABLE_OBJC_ARC = YES;
				CLANG_ENABLE_OBJC_WEAK = YES;
				CLANG_WARN_BLOCK_CAPTURE_AUTORELEASING = YES;
				CLANG_WARN_BOOL_CONVERSION = YES;
				CLANG_WARN_COMMA = YES;
				CLANG_WARN_CONSTANT_CONVERSION = YES;
				CLANG_WARN_DEPRECATED_OBJC_IMPLEMENTATIONS = YES;
				CLANG_WARN_DIRECT_OBJC_ISA_USAGE = YES_ERROR;
				CLANG_WARN_DOCUMENTATION_COMMENTS = YES;
				CLANG_WARN_EMPTY_BODY = YES;
				CLANG_WARN_ENUM_CONVERSION = YES;
				CLANG_WARN_INFINITE_RECURSION = YES;
				CLANG_WARN_INT_CONVERSION = YES;
				CLANG_WARN_NON_LITERAL_NULL_CONVERSION = YES;
				CLANG_WARN_OBJC_IMPLICIT_RETAIN_SELF = YES;
				CLANG_WARN_OBJC_LITERAL_CONVERSION = YES;
				CLANG_WARN_OBJC_ROOT_CLASS = YES_ERROR;
				CLANG_WARN_RANGE_LOOP_ANALYSIS = YES;
				CLANG_WARN_STRICT_PROTOTYPES = YES;
				CLANG_WARN_SUSPICIOUS_MOVE = YES;
				CLANG_WARN_UNGUARDED_AVAILABILITY = YES_AGGRESSIVE;
				CLANG_WARN_UNREACHABLE_CODE = YES;
				CLANG_WARN__DUPLICATE_METHOD_MATCH = YES;
				COPY_PHASE_STRIP = NO;
				DEBUG_INFORMATION_FORMAT = dwarf;
				ENABLE_STRICT_OBJC_MSGSEND = YES;
				ENABLE_TESTABILITY = YES;
				GCC_C_LANGUAGE_STANDARD = gnu11;
				GCC_DYNAMIC_NO_PIC = NO;
				GCC_NO_COMMON_BLOCKS = YES;
				GCC_OPTIMIZATION_LEVEL = 0;
				GCC_PREPROCESSOR_DEFINITIONS = (
					"DEBUG=1",
					"$(inherited)",
				);
				GCC_WARN_64_TO_32_BIT_CONVERSION = YES;
				GCC_WARN_ABOUT_RETURN_TYPE = YES_ERROR;
				GCC_WARN_UNDECLARED_SELECTOR = YES;
				GCC_WARN_UNINITIALIZED_AUTOS = YES_AGGRESSIVE;
				GCC_WARN_UNUSED_FUNCTION = YES;
				GCC_WARN_UNUSED_VARIABLE = YES;
				IPHONEOS_DEPLOYMENT_TARGET = 13.4;
				MTL_ENABLE_DEBUG_INFO = INCLUDE_SOURCE;
				MTL_FAST_MATH = YES;
				ONLY_ACTIVE_ARCH = YES;
				SDKROOT = iphoneos;
				SWIFT_ACTIVE_COMPILATION_CONDITIONS = DEBUG;
				SWIFT_OPTIMIZATION_LEVEL = "-Onone";
			};
			name = Debug;
		};
		B4DCC29A245B665D006A87BF /* Release */ = {
			isa = XCBuildConfiguration;
			buildSettings = {
				ALWAYS_SEARCH_USER_PATHS = NO;
				CLANG_ANALYZER_NONNULL = YES;
				CLANG_ANALYZER_NUMBER_OBJECT_CONVERSION = YES_AGGRESSIVE;
				CLANG_CXX_LANGUAGE_STANDARD = "gnu++14";
				CLANG_CXX_LIBRARY = "libc++";
				CLANG_ENABLE_MODULES = YES;
				CLANG_ENABLE_OBJC_ARC = YES;
				CLANG_ENABLE_OBJC_WEAK = YES;
				CLANG_WARN_BLOCK_CAPTURE_AUTORELEASING = YES;
				CLANG_WARN_BOOL_CONVERSION = YES;
				CLANG_WARN_COMMA = YES;
				CLANG_WARN_CONSTANT_CONVERSION = YES;
				CLANG_WARN_DEPRECATED_OBJC_IMPLEMENTATIONS = YES;
				CLANG_WARN_DIRECT_OBJC_ISA_USAGE = YES_ERROR;
				CLANG_WARN_DOCUMENTATION_COMMENTS = YES;
				CLANG_WARN_EMPTY_BODY = YES;
				CLANG_WARN_ENUM_CONVERSION = YES;
				CLANG_WARN_INFINITE_RECURSION = YES;
				CLANG_WARN_INT_CONVERSION = YES;
				CLANG_WARN_NON_LITERAL_NULL_CONVERSION = YES;
				CLANG_WARN_OBJC_IMPLICIT_RETAIN_SELF = YES;
				CLANG_WARN_OBJC_LITERAL_CONVERSION = YES;
				CLANG_WARN_OBJC_ROOT_CLASS = YES_ERROR;
				CLANG_WARN_RANGE_LOOP_ANALYSIS = YES;
				CLANG_WARN_STRICT_PROTOTYPES = YES;
				CLANG_WARN_SUSPICIOUS_MOVE = YES;
				CLANG_WARN_UNGUARDED_AVAILABILITY = YES_AGGRESSIVE;
				CLANG_WARN_UNREACHABLE_CODE = YES;
				CLANG_WARN__DUPLICATE_METHOD_MATCH = YES;
				COPY_PHASE_STRIP = NO;
				DEBUG_INFORMATION_FORMAT = "dwarf-with-dsym";
				ENABLE_NS_ASSERTIONS = NO;
				ENABLE_STRICT_OBJC_MSGSEND = YES;
				GCC_C_LANGUAGE_STANDARD = gnu11;
				GCC_NO_COMMON_BLOCKS = YES;
				GCC_WARN_64_TO_32_BIT_CONVERSION = YES;
				GCC_WARN_ABOUT_RETURN_TYPE = YES_ERROR;
				GCC_WARN_UNDECLARED_SELECTOR = YES;
				GCC_WARN_UNINITIALIZED_AUTOS = YES_AGGRESSIVE;
				GCC_WARN_UNUSED_FUNCTION = YES;
				GCC_WARN_UNUSED_VARIABLE = YES;
				IPHONEOS_DEPLOYMENT_TARGET = 13.4;
				MTL_ENABLE_DEBUG_INFO = NO;
				MTL_FAST_MATH = YES;
				SDKROOT = iphoneos;
				SWIFT_COMPILATION_MODE = wholemodule;
				SWIFT_OPTIMIZATION_LEVEL = "-O";
				VALIDATE_PRODUCT = YES;
			};
			name = Release;
		};
		B4DCC29C245B665D006A87BF /* Debug */ = {
			isa = XCBuildConfiguration;
			buildSettings = {
				ASSETCATALOG_COMPILER_APPICON_NAME = AppIcon;
				CODE_SIGN_STYLE = Automatic;
				DEVELOPMENT_ASSET_PATHS = "\"Update Homework Organizer/Preview Content\"";
				DEVELOPMENT_TEAM = RSB5JMN5FX;
				ENABLE_PREVIEWS = YES;
				INFOPLIST_FILE = "Update Homework Organizer/Info.plist";
				LD_RUNPATH_SEARCH_PATHS = (
					"$(inherited)",
					"@executable_path/Frameworks",
				);
				PRODUCT_BUNDLE_IDENTIFIER = "com.owenjones.Update-Homework-Organizer";
				PRODUCT_NAME = "$(TARGET_NAME)";
				SWIFT_VERSION = 5.0;
				TARGETED_DEVICE_FAMILY = "1,2";
			};
			name = Debug;
		};
		B4DCC29D245B665D006A87BF /* Release */ = {
			isa = XCBuildConfiguration;
			buildSettings = {
				ASSETCATALOG_COMPILER_APPICON_NAME = AppIcon;
				CODE_SIGN_STYLE = Automatic;
				DEVELOPMENT_ASSET_PATHS = "\"Update Homework Organizer/Preview Content\"";
				DEVELOPMENT_TEAM = RSB5JMN5FX;
				ENABLE_PREVIEWS = YES;
				INFOPLIST_FILE = "Update Homework Organizer/Info.plist";
				LD_RUNPATH_SEARCH_PATHS = (
					"$(inherited)",
					"@executable_path/Frameworks",
				);
				PRODUCT_BUNDLE_IDENTIFIER = "com.owenjones.Update-Homework-Organizer";
				PRODUCT_NAME = "$(TARGET_NAME)";
				SWIFT_VERSION = 5.0;
				TARGETED_DEVICE_FAMILY = "1,2";
			};
			name = Release;
		};
/* End XCBuildConfiguration section */

/* Begin XCConfigurationList section */
		B4DCC27F245B665B006A87BF /* Build configuration list for PBXProject "Update Homework Organizer" */ = {
			isa = XCConfigurationList;
			buildConfigurations = (
				B4DCC299245B665D006A87BF /* Debug */,
				B4DCC29A245B665D006A87BF /* Release */,
			);
			defaultConfigurationIsVisible = 0;
			defaultConfigurationName = Release;
		};
		B4DCC29B245B665D006A87BF /* Build configuration list for PBXNativeTarget "Update Homework Organizer" */ = {
			isa = XCConfigurationList;
			buildConfigurations = (
				B4DCC29C245B665D006A87BF /* Debug */,
				B4DCC29D245B665D006A87BF /* Release */,
			);
			defaultConfigurationIsVisible = 0;
			defaultConfigurationName = Release;
		};
/* End XCConfigurationList section */

/* Begin XCVersionGroup section */
		B4DCC28B245B665B006A87BF /* Update_Homework_Organizer.xcdatamodeld */ = {
			isa = XCVersionGroup;
			children = (
				B4DCC28C245B665B006A87BF /* Update_Homework_Organizer.xcdatamodel */,
			);
			currentVersion = B4DCC28C245B665B006A87BF /* Update_Homework_Organizer.xcdatamodel */;
			path = Update_Homework_Organizer.xcdatamodeld;
			sourceTree = "<group>";
			versionGroupType = wrapper.xcdatamodel;
		};
/* End XCVersionGroup section */
	};
	rootObject = B4DCC27C245B665B006A87BF /* Project object */;
}
